{
  "object": {
    "pins": [
      {
        "package": "ShowTime",
        "repositoryURL": "https://github.com/KaneCheshire/ShowTime.git",
        "state": {
          "branch": null,
          "revision": "f173b9b7bbc556c09708455022c6087a6916e507",
          "version": "2.5.2"
        }
      },
      {
        "package": "Introspect",
        "repositoryURL": "https://github.com/siteline/SwiftUI-Introspect.git",
        "state": {
          "branch": null,
          "revision": "f1ec9da347a7fbe53c520d35434f6c2295650bd5",
          "version": "0.1.1"
        }
      }
    ]
  },
  "version": 1
}
